
Microsoft Visual Studio Solution File, Format Version 12.00
# Visual Studio Version 17
VisualStudioVersion = 17.5.33530.505
MinimumVisualStudioVersion = 10.0.40219.1
Project("{FAE04EC0-301F-11D3-BF4B-00C04F79EFBC}") = "AspNetIdentityApp", "AspNetIdentityApp\AspNetIdentityApp.csproj", "{AFA32C26-0B3E-436B-BE16-42E99ED6EDC7}"
EndProject
Global
	GlobalSection(SolutionConfigurationPlatforms) = preSolution
		Debug|Any CPU = Debug|Any CPU
		Release|Any CPU = Release|Any CPU
	EndGlobalSection
	GlobalSection(ProjectConfigurationPlatforms) = postSolution
		{AFA32C26-0B3E-436B-BE16-42E99ED6EDC7}.Debug|Any CPU.ActiveCfg = Debug|Any CPU
		{AFA32C26-0B3E-436B-BE16-42E99ED6EDC7}.Debug|Any CPU.Build.0 = Debug|Any CPU
		{AFA32C26-0B3E-436B-BE16-42E99ED6EDC7}.Release|Any CPU.ActiveCfg = Release|Any CPU
		{AFA32C26-0B3E-436B-BE16-42E99ED6EDC7}.Release|Any CPU.Build.0 = Release|Any CPU
	EndGlobalSection
	GlobalSection(SolutionProperties) = preSolution
		HideSolutionNode = FALSE
	EndGlobalSection
	GlobalSection(ExtensibilityGlobals) = postSolution
		SolutionGuid = {EC353B08-545A-44A7-BCD6-CAF92973ABDC}
	EndGlobalSection
EndGlobal
